
Microsoft Visual Studio Solution File, Format Version 12.00
# Visual Studio Version 17
VisualStudioVersion = 17.4.33122.133
MinimumVisualStudioVersion = 10.0.40219.1
Project("{FAE04EC0-301F-11D3-BF4B-00C04F79EFBC}") = "InventoryBackend", "InventoryBackend.csproj", "{16FA0C82-4FD0-47E5-8C25-8E13D260325B}"
EndProject
Global
	GlobalSection(SolutionConfigurationPlatforms) = preSolution
		Debug|Any CPU = Debug|Any CPU
		Release|Any CPU = Release|Any CPU
	EndGlobalSection
	GlobalSection(ProjectConfigurationPlatforms) = postSolution
		{16FA0C82-4FD0-47E5-8C25-8E13D260325B}.Debug|Any CPU.ActiveCfg = Debug|Any CPU
		{16FA0C82-4FD0-47E5-8C25-8E13D260325B}.Debug|Any CPU.Build.0 = Debug|Any CPU
		{16FA0C82-4FD0-47E5-8C25-8E13D260325B}.Release|Any CPU.ActiveCfg = Release|Any CPU
		{16FA0C82-4FD0-47E5-8C25-8E13D260325B}.Release|Any CPU.Build.0 = Release|Any CPU
	EndGlobalSection
	GlobalSection(SolutionProperties) = preSolution
		HideSolutionNode = FALSE
	EndGlobalSection
	GlobalSection(ExtensibilityGlobals) = postSolution
		SolutionGuid = {562E0753-68F4-4EB7-BACB-686FCD43BEAD}
	EndGlobalSection
EndGlobal
